
Microsoft Visual Studio Solution File, Format Version 12.00
# Visual Studio Version 16
VisualStudioVersion = 16.0.31112.23
MinimumVisualStudioVersion = 15.0.26124.0
Project("{FAE04EC0-301F-11D3-BF4B-00C04F79EFBC}") = "HowToButtons", "HowToButtons.csproj", "{0EC9335F-0222-47D3-BB9C-752910DD0043}"
EndProject
Global
	GlobalSection(SolutionConfigurationPlatforms) = preSolution
		Debug|Any CPU = Debug|Any CPU
		Debug|x64 = Debug|x64
		Debug|x86 = Debug|x86
		Release|Any CPU = Release|Any CPU
		Release|x64 = Release|x64
		Release|x86 = Release|x86
	EndGlobalSection
	GlobalSection(ProjectConfigurationPlatforms) = postSolution
		{0EC9335F-0222-47D3-BB9C-752910DD0043}.Debug|Any CPU.ActiveCfg = Debug|Any CPU
		{0EC9335F-0222-47D3-BB9C-752910DD0043}.Debug|Any CPU.Build.0 = Debug|Any CPU
		{0EC9335F-0222-47D3-BB9C-752910DD0043}.Debug|x64.ActiveCfg = Debug|Any CPU
		{0EC9335F-0222-47D3-BB9C-752910DD0043}.Debug|x64.Build.0 = Debug|Any CPU
		{0EC9335F-0222-47D3-BB9C-752910DD0043}.Debug|x86.ActiveCfg = Debug|Any CPU
		{0EC9335F-0222-47D3-BB9C-752910DD0043}.Debug|x86.Build.0 = Debug|Any CPU
		{0EC9335F-0222-47D3-BB9C-752910DD0043}.Release|Any CPU.ActiveCfg = Debug|Any CPU
		{0EC9335F-0222-47D3-BB9C-752910DD0043}.Release|Any CPU.Build.0 = Debug|Any CPU
		{0EC9335F-0222-47D3-BB9C-752910DD0043}.Release|x64.ActiveCfg = Debug|Any CPU
		{0EC9335F-0222-47D3-BB9C-752910DD0043}.Release|x64.Build.0 = Debug|Any CPU
		{0EC9335F-0222-47D3-BB9C-752910DD0043}.Release|x86.ActiveCfg = Debug|Any CPU
		{0EC9335F-0222-47D3-BB9C-752910DD0043}.Release|x86.Build.0 = Debug|Any CPU
	EndGlobalSection
	GlobalSection(SolutionProperties) = preSolution
		HideSolutionNode = FALSE
	EndGlobalSection
	GlobalSection(ExtensibilityGlobals) = postSolution
		SolutionGuid = {C25082FE-7334-4BEA-94A8-95095E983E3F}
	EndGlobalSection
EndGlobal
